
Microsoft Visual Studio Solution File, Format Version 12.00
Project("{2150E333-8FDC-42A3-9474-1A3956D46DE8}") = "Basket", "Basket", "{B2686CCF-B637-4BB2-B8C6-72713052F3D6}"
EndProject
Project("{2150E333-8FDC-42A3-9474-1A3956D46DE8}") = "Catalog", "Catalog", "{521FC60A-52ED-4DD3-878E-220FABC97EAB}"
EndProject
Project("{2150E333-8FDC-42A3-9474-1A3956D46DE8}") = "Core", "Core", "{E6F400FA-041A-43EB-B91D-EB65494E1117}"
EndProject
Project("{2150E333-8FDC-42A3-9474-1A3956D46DE8}") = "Presentations", "Presentations", "{757F5BE6-961E-496B-8BE7-11EB796BB624}"
EndProject
Project("{FAE04EC0-301F-11D3-BF4B-00C04F79EFBC}") = "ECommerce.Share", "Core\ECommerce.Share\ECommerce.Share.csproj", "{09BBC679-DF3F-47D8-8787-DEFB65AD204B}"
EndProject
Project("{FAE04EC0-301F-11D3-BF4B-00C04F79EFBC}") = "ECommerce.Basket", "Basket\ECommerce.Basket\ECommerce.Basket.csproj", "{E39EB313-0926-48EE-AD72-B2063B77ABF2}"
EndProject
Project("{2150E333-8FDC-42A3-9474-1A3956D46DE8}") = "Test", "Test", "{D12DD96A-DCE4-4633-BCF1-B5FB81659B7A}"
EndProject
Project("{FAE04EC0-301F-11D3-BF4B-00C04F79EFBC}") = "ECommerce.Basket.Test", "Test\ECommerce.Basket.Test\ECommerce.Basket.Test.csproj", "{FE477BDD-4588-4A64-91D0-E03FF2B67421}"
EndProject
Project("{FAE04EC0-301F-11D3-BF4B-00C04F79EFBC}") = "ECommerce.Basket.Application", "Basket\ECommerce.Basket.Application\ECommerce.Basket.Application.csproj", "{5247B9C3-8130-43E0-9FCE-159E651F4680}"
EndProject
Project("{FAE04EC0-301F-11D3-BF4B-00C04F79EFBC}") = "ECommerce.Basket.Data", "Basket\ECommerce.Basket.Data\ECommerce.Basket.Data.csproj", "{76993234-E5AF-431F-B0AC-4F6EE8FA213F}"
EndProject
Project("{FAE04EC0-301F-11D3-BF4B-00C04F79EFBC}") = "ECommerce.Catalog", "Catalog\ECommerce.Catalog\ECommerce.Catalog.csproj", "{491268ED-D638-4923-8075-9FD9CE82E125}"
EndProject
Project("{FAE04EC0-301F-11D3-BF4B-00C04F79EFBC}") = "ECommerce.Catalog.Application", "Catalog\ECommerce.Catalog.Application\ECommerce.Catalog.Application.csproj", "{4AE55403-FAEF-4D74-9686-61948ADB0118}"
EndProject
Project("{FAE04EC0-301F-11D3-BF4B-00C04F79EFBC}") = "ECommerce.Catalog.Data", "Catalog\ECommerce.Catalog.Data\ECommerce.Catalog.Data.csproj", "{39A388F9-0C4D-404C-B70C-A34F0CCD6D03}"
EndProject
Project("{FAE04EC0-301F-11D3-BF4B-00C04F79EFBC}") = "ECommerce.AntiCorruptionLayer.CatalogBasket", "Catalog\ECommerce.AntiCorruptionLayer.CatalogBasket\ECommerce.AntiCorruptionLayer.CatalogBasket.csproj", "{93F30507-534C-4A9C-9004-043655A9E2D6}"
EndProject
Project("{FAE04EC0-301F-11D3-BF4B-00C04F79EFBC}") = "ECommerce.Basket.Api", "Basket\ECommerce.Basket.Api\ECommerce.Basket.Api.csproj", "{586082D8-E5E0-4AA6-B354-E22870192713}"
EndProject
Project("{FAE04EC0-301F-11D3-BF4B-00C04F79EFBC}") = "ECommerce.Web.Framework", "Core\ECommerce.Web.Framework\ECommerce.Web.Framework.csproj", "{C90C5EE4-034D-4ADE-9D4E-69E8AD179AEB}"
EndProject
Global
	GlobalSection(SolutionConfigurationPlatforms) = preSolution
		Debug|Any CPU = Debug|Any CPU
		Release|Any CPU = Release|Any CPU
	EndGlobalSection
	GlobalSection(NestedProjects) = preSolution
		{09BBC679-DF3F-47D8-8787-DEFB65AD204B} = {E6F400FA-041A-43EB-B91D-EB65494E1117}
		{E39EB313-0926-48EE-AD72-B2063B77ABF2} = {B2686CCF-B637-4BB2-B8C6-72713052F3D6}
		{FE477BDD-4588-4A64-91D0-E03FF2B67421} = {D12DD96A-DCE4-4633-BCF1-B5FB81659B7A}
		{5247B9C3-8130-43E0-9FCE-159E651F4680} = {B2686CCF-B637-4BB2-B8C6-72713052F3D6}
		{76993234-E5AF-431F-B0AC-4F6EE8FA213F} = {B2686CCF-B637-4BB2-B8C6-72713052F3D6}
		{491268ED-D638-4923-8075-9FD9CE82E125} = {521FC60A-52ED-4DD3-878E-220FABC97EAB}
		{4AE55403-FAEF-4D74-9686-61948ADB0118} = {521FC60A-52ED-4DD3-878E-220FABC97EAB}
		{39A388F9-0C4D-404C-B70C-A34F0CCD6D03} = {521FC60A-52ED-4DD3-878E-220FABC97EAB}
		{93F30507-534C-4A9C-9004-043655A9E2D6} = {521FC60A-52ED-4DD3-878E-220FABC97EAB}
		{586082D8-E5E0-4AA6-B354-E22870192713} = {B2686CCF-B637-4BB2-B8C6-72713052F3D6}
		{C90C5EE4-034D-4ADE-9D4E-69E8AD179AEB} = {E6F400FA-041A-43EB-B91D-EB65494E1117}
	EndGlobalSection
	GlobalSection(ProjectConfigurationPlatforms) = postSolution
		{09BBC679-DF3F-47D8-8787-DEFB65AD204B}.Debug|Any CPU.ActiveCfg = Debug|Any CPU
		{09BBC679-DF3F-47D8-8787-DEFB65AD204B}.Debug|Any CPU.Build.0 = Debug|Any CPU
		{09BBC679-DF3F-47D8-8787-DEFB65AD204B}.Release|Any CPU.ActiveCfg = Release|Any CPU
		{09BBC679-DF3F-47D8-8787-DEFB65AD204B}.Release|Any CPU.Build.0 = Release|Any CPU
		{E39EB313-0926-48EE-AD72-B2063B77ABF2}.Debug|Any CPU.ActiveCfg = Debug|Any CPU
		{E39EB313-0926-48EE-AD72-B2063B77ABF2}.Debug|Any CPU.Build.0 = Debug|Any CPU
		{E39EB313-0926-48EE-AD72-B2063B77ABF2}.Release|Any CPU.ActiveCfg = Release|Any CPU
		{E39EB313-0926-48EE-AD72-B2063B77ABF2}.Release|Any CPU.Build.0 = Release|Any CPU
		{FE477BDD-4588-4A64-91D0-E03FF2B67421}.Debug|Any CPU.ActiveCfg = Debug|Any CPU
		{FE477BDD-4588-4A64-91D0-E03FF2B67421}.Debug|Any CPU.Build.0 = Debug|Any CPU
		{FE477BDD-4588-4A64-91D0-E03FF2B67421}.Release|Any CPU.ActiveCfg = Release|Any CPU
		{FE477BDD-4588-4A64-91D0-E03FF2B67421}.Release|Any CPU.Build.0 = Release|Any CPU
		{5247B9C3-8130-43E0-9FCE-159E651F4680}.Debug|Any CPU.ActiveCfg = Debug|Any CPU
		{5247B9C3-8130-43E0-9FCE-159E651F4680}.Debug|Any CPU.Build.0 = Debug|Any CPU
		{5247B9C3-8130-43E0-9FCE-159E651F4680}.Release|Any CPU.ActiveCfg = Release|Any CPU
		{5247B9C3-8130-43E0-9FCE-159E651F4680}.Release|Any CPU.Build.0 = Release|Any CPU
		{76993234-E5AF-431F-B0AC-4F6EE8FA213F}.Debug|Any CPU.ActiveCfg = Debug|Any CPU
		{76993234-E5AF-431F-B0AC-4F6EE8FA213F}.Debug|Any CPU.Build.0 = Debug|Any CPU
		{76993234-E5AF-431F-B0AC-4F6EE8FA213F}.Release|Any CPU.ActiveCfg = Release|Any CPU
		{76993234-E5AF-431F-B0AC-4F6EE8FA213F}.Release|Any CPU.Build.0 = Release|Any CPU
		{491268ED-D638-4923-8075-9FD9CE82E125}.Debug|Any CPU.ActiveCfg = Debug|Any CPU
		{491268ED-D638-4923-8075-9FD9CE82E125}.Debug|Any CPU.Build.0 = Debug|Any CPU
		{491268ED-D638-4923-8075-9FD9CE82E125}.Release|Any CPU.ActiveCfg = Release|Any CPU
		{491268ED-D638-4923-8075-9FD9CE82E125}.Release|Any CPU.Build.0 = Release|Any CPU
		{4AE55403-FAEF-4D74-9686-61948ADB0118}.Debug|Any CPU.ActiveCfg = Debug|Any CPU
		{4AE55403-FAEF-4D74-9686-61948ADB0118}.Debug|Any CPU.Build.0 = Debug|Any CPU
		{4AE55403-FAEF-4D74-9686-61948ADB0118}.Release|Any CPU.ActiveCfg = Release|Any CPU
		{4AE55403-FAEF-4D74-9686-61948ADB0118}.Release|Any CPU.Build.0 = Release|Any CPU
		{39A388F9-0C4D-404C-B70C-A34F0CCD6D03}.Debug|Any CPU.ActiveCfg = Debug|Any CPU
		{39A388F9-0C4D-404C-B70C-A34F0CCD6D03}.Debug|Any CPU.Build.0 = Debug|Any CPU
		{39A388F9-0C4D-404C-B70C-A34F0CCD6D03}.Release|Any CPU.ActiveCfg = Release|Any CPU
		{39A388F9-0C4D-404C-B70C-A34F0CCD6D03}.Release|Any CPU.Build.0 = Release|Any CPU
		{93F30507-534C-4A9C-9004-043655A9E2D6}.Debug|Any CPU.ActiveCfg = Debug|Any CPU
		{93F30507-534C-4A9C-9004-043655A9E2D6}.Debug|Any CPU.Build.0 = Debug|Any CPU
		{93F30507-534C-4A9C-9004-043655A9E2D6}.Release|Any CPU.ActiveCfg = Release|Any CPU
		{93F30507-534C-4A9C-9004-043655A9E2D6}.Release|Any CPU.Build.0 = Release|Any CPU
		{586082D8-E5E0-4AA6-B354-E22870192713}.Debug|Any CPU.ActiveCfg = Debug|Any CPU
		{586082D8-E5E0-4AA6-B354-E22870192713}.Debug|Any CPU.Build.0 = Debug|Any CPU
		{586082D8-E5E0-4AA6-B354-E22870192713}.Release|Any CPU.ActiveCfg = Release|Any CPU
		{586082D8-E5E0-4AA6-B354-E22870192713}.Release|Any CPU.Build.0 = Release|Any CPU
		{C90C5EE4-034D-4ADE-9D4E-69E8AD179AEB}.Debug|Any CPU.ActiveCfg = Debug|Any CPU
		{C90C5EE4-034D-4ADE-9D4E-69E8AD179AEB}.Debug|Any CPU.Build.0 = Debug|Any CPU
		{C90C5EE4-034D-4ADE-9D4E-69E8AD179AEB}.Release|Any CPU.ActiveCfg = Release|Any CPU
		{C90C5EE4-034D-4ADE-9D4E-69E8AD179AEB}.Release|Any CPU.Build.0 = Release|Any CPU
	EndGlobalSection
EndGlobal
